<?xml version="1.0" encoding="utf-8"?>
<Project ToolsVersion="4.0" xmlns="http://schemas.microsoft.com/developer/msbuild/2003">
  <ItemGroup>
    <Filter Include="Source Files">
      <UniqueIdentifier>{4FC737F1-C7A5-4376-A066-2A32D752A2FF}</UniqueIdentifier>
      <Extensions>cpp;c;cc;cxx;c++;cppm;ixx;def;odl;idl;hpj;bat;asm;asmx</Extensions>
    </Filter>
    <Filter Include="Header Files">
      <UniqueIdentifier>{93995380-89BD-4b04-88EB-625FBE52EBFB}</UniqueIdentifier>
      <Extensions>h;hh;hpp;hxx;h++;hm;inl;inc;ipp;xsd</Extensions>
    </Filter>
    <Filter Include="Resource Files">
      <UniqueIdentifier>{67DA6AB6-F800-4c08-8B7A-83BB121AAD01}</UniqueIdentifier>
      <Extensions>rc;ico;cur;bmp;dlg;rc2;rct;bin;rgs;gif;jpg;jpeg;jpe;resx;tiff;tif;png;wav;mfcribbon-ms</Extensions>
    </Filter>
    <Filter Include="Resource Files\Shaders">
      <UniqueIdentifier>{0911feac-cb53-4e29-954b-75e45a8ea501}</UniqueIdentifier>
    </Filter>
    <Filter Include="Header Files\SVG">
      <UniqueIdentifier>{51ba569a-69c9-4905-9302-cb02cf8b2626}</UniqueIdentifier>
    </Filter>
    <Filter Include="Header Files\SVG\Parser">
      <UniqueIdentifier>{5ca35a6c-3626-4cd1-bcec-edae9cfe1f11}</UniqueIdentifier>
    </Filter>
    <Filter Include="Header Files\SVG\Parser\FileSVG">
      <UniqueIdentifier>{4486288c-c279-4505-8d3a-2513dc4a4aae}</UniqueIdentifier>
    </Filter>
    <Filter Include="Header Files\SVG\Parser\Utility">
      <UniqueIdentifier>{3e66561b-146f-4c8e-95e2-8da0def3a6bb}</UniqueIdentifier>
    </Filter>
    <Filter Include="Header Files\SVG\Parser\DomSVG">
      <UniqueIdentifier>{b7962605-4fdd-4843-a401-f6ea6fa9ce84}</UniqueIdentifier>
    </Filter>
  </ItemGroup>
  <ItemGroup>
    <ClCompile Include="glad.c">
      <Filter>Source Files</Filter>
    </ClCompile>
    <ClCompile Include="Main.cpp">
      <Filter>Source Files</Filter>
    </ClCompile>
    <ClCompile Include="shaderClass.cpp">
      <Filter>Source Files</Filter>
    </ClCompile>
    <ClCompile Include="renderer\VBO.cpp">
      <Filter>Source Files</Filter>
    </ClCompile>
    <ClCompile Include="renderer\EBO.cpp">
      <Filter>Source Files</Filter>
    </ClCompile>
    <ClCompile Include="renderer\VAO.cpp">
      <Filter>Source Files</Filter>
    </ClCompile>
    <ClCompile Include="src\svg\FileSVG.cpp">
      <Filter>Header Files\SVG\Parser\FileSVG</Filter>
    </ClCompile>
    <ClCompile Include="src\svg\DomSVG.cpp">
      <Filter>Header Files\SVG\Parser\DomSVG</Filter>
    </ClCompile>
    <ClCompile Include="src\utility\String.cpp">
      <Filter>Source Files</Filter>
    </ClCompile>
    <ClCompile Include="src\utility\File.cpp">
      <Filter>Source Files</Filter>
    </ClCompile>
    <ClCompile Include="src\utility\Parser.cpp">
      <Filter>Source Files</Filter>
    </ClCompile>
    <ClCompile Include="include\svg\SceneBuilder.h">
      <Filter>Source Files</Filter>
    </ClCompile>
    <ClCompile Include="src\svg\elements\SVGGroup.cpp">
      <Filter>Source Files</Filter>
    </ClCompile>
    <ClCompile Include="src\svg\elements\SVG.cpp">
      <Filter>Source Files</Filter>
    </ClCompile>
    <ClCompile Include="src\svg\elements\SVGRect.cpp">
      <Filter>Source Files</Filter>
    </ClCompile>
  </ItemGroup>
  <ItemGroup>
    <Library Include="Libraries\lib\glfw3.lib" />
  </ItemGroup>
  <ItemGroup>
    <ClInclude Include="Libraries\include\KHR\khrplatform.h">
      <Filter>Header Files</Filter>
    </ClInclude>
    <ClInclude Include="Libraries\include\glad\glad.h">
      <Filter>Header Files</Filter>
    </ClInclude>
    <ClInclude Include="Libraries\include\GLFW\glfw3.h">
      <Filter>Header Files</Filter>
    </ClInclude>
    <ClInclude Include="Libraries\include\GLFW\glfw3native.h">
      <Filter>Header Files</Filter>
    </ClInclude>
    <ClInclude Include="shaderClass.h">
      <Filter>Header Files</Filter>
    </ClInclude>
    <ClInclude Include="renderer\VBO.h">
      <Filter>Header Files</Filter>
    </ClInclude>
    <ClInclude Include="renderer\EBO.h">
      <Filter>Header Files</Filter>
    </ClInclude>
    <ClInclude Include="renderer\VAO.h">
      <Filter>Header Files</Filter>
    </ClInclude>
    <ClInclude Include="include\svg\FileSVG.h">
      <Filter>Header Files\SVG\Parser\FileSVG</Filter>
    </ClInclude>
    <ClInclude Include="include\svg\DomSVG.h">
      <Filter>Header Files\SVG\Parser\DomSVG</Filter>
    </ClInclude>
    <ClInclude Include="include\svg\SVGElement.h">
      <Filter>Header Files\SVG\Parser\DomSVG</Filter>
    </ClInclude>
    <ClInclude Include="include\utility\String.h">
      <Filter>Header Files</Filter>
    </ClInclude>
    <ClInclude Include="include\utility\File.h">
      <Filter>Header Files</Filter>
    </ClInclude>
    <ClInclude Include="include\utility\Parser.h">
      <Filter>Header Files</Filter>
    </ClInclude>
    <ClInclude Include="include\svg\error\ParseError.h">
      <Filter>Header Files</Filter>
    </ClInclude>
    <ClInclude Include="include\svg\SVGNode.h">
      <Filter>Header Files</Filter>
    </ClInclude>
    <ClInclude Include="include\render\RenderNode.h">
      <Filter>Header Files</Filter>
    </ClInclude>
    <ClInclude Include="include\render\Tessellator.h">
      <Filter>Header Files</Filter>
    </ClInclude>
    <ClInclude Include="include\svg\Css.h">
      <Filter>Header Files</Filter>
    </ClInclude>
    <ClInclude Include="include\svg\elements\SVGRect.h">
      <Filter>Header Files</Filter>
    </ClInclude>
    <ClInclude Include="include\svg\elements\SVG.h">
      <Filter>Header Files</Filter>
    </ClInclude>
    <ClInclude Include="include\svg\elements\SVGGroup.h">
      <Filter>Header Files</Filter>
    </ClInclude>
    <ClInclude Include="include\svg\elements\Factory.h">
      <Filter>Header Files</Filter>
    </ClInclude>
    <ClInclude Include="include\utility\Render.h">
      <Filter>Header Files</Filter>
    </ClInclude>
  </ItemGroup>
  <ItemGroup>
    <None Include="default.vert">
      <Filter>Resource Files\Shaders</Filter>
    </None>
    <None Include="default.frag">
      <Filter>Resource Files\Shaders</Filter>
    </None>
  </ItemGroup>
</Project>